// !$*UTF8*$!
{
	archiveVersion = 1;
	classes = {
	};
	objectVersion = 52;
	objects = {

/* Begin PBXBuildFile section */
		7D99C284FC90961B3821D0C0 /* Pods_Weasley.framework in Frameworks */ = {isa = PBXBuildFile; fileRef = A9873566C8D513FA6A965F78 /* Pods_Weasley.framework */; };
		7F28654F2771989800DAF9D2 /* Group.swift in Sources */ = {isa = PBXBuildFile; fileRef = 7F28654E2771989800DAF9D2 /* Group.swift */; };
		7F2865512771A4F400DAF9D2 /* AWSUrl.swift in Sources */ = {isa = PBXBuildFile; fileRef = 7F2865502771A4F400DAF9D2 /* AWSUrl.swift */; };
		7F2865572771B27800DAF9D2 /* GroupAPIService.swift in Sources */ = {isa = PBXBuildFile; fileRef = 7F2865562771B27800DAF9D2 /* GroupAPIService.swift */; };
		7F2865592771BD2A00DAF9D2 /* GroupAddition.swift in Sources */ = {isa = PBXBuildFile; fileRef = 7F2865582771BD2A00DAF9D2 /* GroupAddition.swift */; };
		7F28655B2771C2ED00DAF9D2 /* Place.swift in Sources */ = {isa = PBXBuildFile; fileRef = 7F28655A2771C2ED00DAF9D2 /* Place.swift */; };
		7F3A480D2758C06300B3D104 /* MainViewCell.swift in Sources */ = {isa = PBXBuildFile; fileRef = 7F3A480C2758C06200B3D104 /* MainViewCell.swift */; };
		7F4302612726D89400FA594F /* AppDelegate.swift in Sources */ = {isa = PBXBuildFile; fileRef = 7F4302602726D89400FA594F /* AppDelegate.swift */; };
		7F4302632726D89400FA594F /* SceneDelegate.swift in Sources */ = {isa = PBXBuildFile; fileRef = 7F4302622726D89400FA594F /* SceneDelegate.swift */; };
		7F4302652726D89400FA594F /* MainViewController.swift in Sources */ = {isa = PBXBuildFile; fileRef = 7F4302642726D89400FA594F /* MainViewController.swift */; };
		7F43026A2726D89900FA594F /* Assets.xcassets in Resources */ = {isa = PBXBuildFile; fileRef = 7F4302692726D89900FA594F /* Assets.xcassets */; };
		7F43026D2726D89900FA594F /* LaunchScreen.storyboard in Resources */ = {isa = PBXBuildFile; fileRef = 7F43026B2726D89900FA594F /* LaunchScreen.storyboard */; };
		7F46B8E027280C1E002B2E78 /* LoginViewController.swift in Sources */ = {isa = PBXBuildFile; fileRef = 7F46B8DF27280C1E002B2E78 /* LoginViewController.swift */; };
		7F7FCD19276C37D1005ADD27 /* SetGroupTableViewController.swift in Sources */ = {isa = PBXBuildFile; fileRef = 7F7FCD18276C37D1005ADD27 /* SetGroupTableViewController.swift */; };
		7F7FCD1B276C3BA7005ADD27 /* SettingTableViewCell.swift in Sources */ = {isa = PBXBuildFile; fileRef = 7F7FCD1A276C3BA7005ADD27 /* SettingTableViewCell.swift */; };
		7F7FCD1D276C3CD8005ADD27 /* ProfileViewController.swift in Sources */ = {isa = PBXBuildFile; fileRef = 7F7FCD1C276C3CD8005ADD27 /* ProfileViewController.swift */; };
		7F7FCD1F276C3D58005ADD27 /* NotificationsTableViewController.swift in Sources */ = {isa = PBXBuildFile; fileRef = 7F7FCD1E276C3D58005ADD27 /* NotificationsTableViewController.swift */; };
		7F7FCD21276C41FB005ADD27 /* EditPlaceViewController.swift in Sources */ = {isa = PBXBuildFile; fileRef = 7F7FCD20276C41FB005ADD27 /* EditPlaceViewController.swift */; };
		7F7FCD24276D6AD1005ADD27 /* GroupListViewController.swift in Sources */ = {isa = PBXBuildFile; fileRef = 7F7FCD23276D6AD1005ADD27 /* GroupListViewController.swift */; };
		7F7FCD26276D84B3005ADD27 /* lf30_editor_lqe82iao.json in Resources */ = {isa = PBXBuildFile; fileRef = 7F7FCD25276D84B3005ADD27 /* lf30_editor_lqe82iao.json */; };
		7F7FCD31276DB5B4005ADD27 /* UIColor+Extension.swift in Sources */ = {isa = PBXBuildFile; fileRef = 7F7FCD30276DB5B4005ADD27 /* UIColor+Extension.swift */; };
		7F7FCD33276DB849005ADD27 /* CAGradientLayer+Extension.swift in Sources */ = {isa = PBXBuildFile; fileRef = 7F7FCD32276DB849005ADD27 /* CAGradientLayer+Extension.swift */; };
		7F7FCD36276EB3A3005ADD27 /* Hero in Frameworks */ = {isa = PBXBuildFile; productRef = 7F7FCD35276EB3A3005ADD27 /* Hero */; };
		7F7FCD38276EC2A0005ADD27 /* UIButton+Extension.swift in Sources */ = {isa = PBXBuildFile; fileRef = 7F7FCD37276EC2A0005ADD27 /* UIButton+Extension.swift */; };
		7F7FCD3A27717C3B005ADD27 /* LoginAPIService.swift in Sources */ = {isa = PBXBuildFile; fileRef = 7F7FCD3927717C3A005ADD27 /* LoginAPIService.swift */; };
		7F8A4FCE272FA8A900656E0A /* NeedleView.swift in Sources */ = {isa = PBXBuildFile; fileRef = 7F8A4FCD272FA8A900656E0A /* NeedleView.swift */; };
		7F8A4FD0272FB0F600656E0A /* UIView+Extension.swift in Sources */ = {isa = PBXBuildFile; fileRef = 7F8A4FCF272FB0F600656E0A /* UIView+Extension.swift */; };
		7F8A4FD22730C3F300656E0A /* User.swift in Sources */ = {isa = PBXBuildFile; fileRef = 7F8A4FD12730C3F300656E0A /* User.swift */; };
		7F8A4FDB2730F02000656E0A /* Location.swift in Sources */ = {isa = PBXBuildFile; fileRef = 7F8A4FDA2730F02000656E0A /* Location.swift */; };
		7F8A500E2734D5F700656E0A /* LocationLabel.swift in Sources */ = {isa = PBXBuildFile; fileRef = 7F8A500D2734D5F700656E0A /* LocationLabel.swift */; };
		7F8A50102734D65D00656E0A /* DegreesToRadians.swift in Sources */ = {isa = PBXBuildFile; fileRef = 7F8A500F2734D65D00656E0A /* DegreesToRadians.swift */; };
		7FA1C8AA272B83E800D2B4E0 /* APIManager.swift in Sources */ = {isa = PBXBuildFile; fileRef = 7FA1C8A9272B83E800D2B4E0 /* APIManager.swift */; };
		7FA1C8AC272CF46500D2B4E0 /* ClockView.swift in Sources */ = {isa = PBXBuildFile; fileRef = 7FA1C8AB272CF46500D2B4E0 /* ClockView.swift */; };
		7FC1ACAC27686B44007C7F0B /* SetGroupNameViewController.swift in Sources */ = {isa = PBXBuildFile; fileRef = 7FC1ACAB27686B44007C7F0B /* SetGroupNameViewController.swift */; };
		7FC1ACAE2769998D007C7F0B /* SetHomeViewController.swift in Sources */ = {isa = PBXBuildFile; fileRef = 7FC1ACAD2769998D007C7F0B /* SetHomeViewController.swift */; };
		7FC1ACB02769AD53007C7F0B /* SetSchoolViewController.swift in Sources */ = {isa = PBXBuildFile; fileRef = 7FC1ACAF2769AD53007C7F0B /* SetSchoolViewController.swift */; };
		7FC1ACBA2769CC14007C7F0B /* MKPlacemark+Extension.swift in Sources */ = {isa = PBXBuildFile; fileRef = 7FC1ACB92769CC14007C7F0B /* MKPlacemark+Extension.swift */; };
		7FC1ACBC276A1632007C7F0B /* SearchedLocationTableViewController.swift in Sources */ = {isa = PBXBuildFile; fileRef = 7FC1ACBB276A1632007C7F0B /* SearchedLocationTableViewController.swift */; };
		7FC1ACBE276AD8C8007C7F0B /* SetLocationViewController.swift in Sources */ = {isa = PBXBuildFile; fileRef = 7FC1ACBD276AD8C8007C7F0B /* SetLocationViewController.swift */; };
		7FC1ACC0276AEDCC007C7F0B /* SetWorkViewController.swift in Sources */ = {isa = PBXBuildFile; fileRef = 7FC1ACBF276AEDCC007C7F0B /* SetWorkViewController.swift */; };
		7FC1ACC5276B0108007C7F0B /* Lottie in Frameworks */ = {isa = PBXBuildFile; productRef = 7FC1ACC4276B0108007C7F0B /* Lottie */; };
		7FE0D9CE273F9BE200512B07 /* GoogleService-Info.plist in Resources */ = {isa = PBXBuildFile; fileRef = 7FE0D9CD273F9BE200512B07 /* GoogleService-Info.plist */; };
		7FE87A11273B90C600301A94 /* Login.swift in Sources */ = {isa = PBXBuildFile; fileRef = 7FE87A10273B90C600301A94 /* Login.swift */; };
		7FE9F32327755913003560BD /* SampleModel.swift in Sources */ = {isa = PBXBuildFile; fileRef = 7FE9F32227755913003560BD /* SampleModel.swift */; };
		7FE9F32727756649003560BD /* UsersGroups.swift in Sources */ = {isa = PBXBuildFile; fileRef = 7FE9F32627756649003560BD /* UsersGroups.swift */; };
		7FE9F32927759F85003560BD /* CurrentGroup.swift in Sources */ = {isa = PBXBuildFile; fileRef = 7FE9F32827759F85003560BD /* CurrentGroup.swift */; };
		7FE9F32B2775B3F2003560BD /* LocationAPIService.swift in Sources */ = {isa = PBXBuildFile; fileRef = 7FE9F32A2775B3F2003560BD /* LocationAPIService.swift */; };
		7FF5C8CC275F42FD00DE24DE /* SettingTableViewController.swift in Sources */ = {isa = PBXBuildFile; fileRef = 7FF5C8CB275F42FD00DE24DE /* SettingTableViewController.swift */; };
/* End PBXBuildFile section */

/* Begin PBXFileReference section */
		31A6EE2BD28567E020F854D6 /* Pods-Weasley.release.xcconfig */ = {isa = PBXFileReference; includeInIndex = 1; lastKnownFileType = text.xcconfig; name = "Pods-Weasley.release.xcconfig"; path = "Target Support Files/Pods-Weasley/Pods-Weasley.release.xcconfig"; sourceTree = "<group>"; };
		61E91CCD83AB5938431ABBC1 /* Pods-Weasley.debug.xcconfig */ = {isa = PBXFileReference; includeInIndex = 1; lastKnownFileType = text.xcconfig; name = "Pods-Weasley.debug.xcconfig"; path = "Target Support Files/Pods-Weasley/Pods-Weasley.debug.xcconfig"; sourceTree = "<group>"; };
		7F28654E2771989800DAF9D2 /* Group.swift */ = {isa = PBXFileReference; lastKnownFileType = sourcecode.swift; path = Group.swift; sourceTree = "<group>"; };
		7F2865502771A4F400DAF9D2 /* AWSUrl.swift */ = {isa = PBXFileReference; lastKnownFileType = sourcecode.swift; path = AWSUrl.swift; sourceTree = "<group>"; };
		7F2865562771B27800DAF9D2 /* GroupAPIService.swift */ = {isa = PBXFileReference; lastKnownFileType = sourcecode.swift; path = GroupAPIService.swift; sourceTree = "<group>"; };
		7F2865582771BD2A00DAF9D2 /* GroupAddition.swift */ = {isa = PBXFileReference; lastKnownFileType = sourcecode.swift; path = GroupAddition.swift; sourceTree = "<group>"; };
		7F28655A2771C2ED00DAF9D2 /* Place.swift */ = {isa = PBXFileReference; lastKnownFileType = sourcecode.swift; path = Place.swift; sourceTree = "<group>"; };
		7F3A480C2758C06200B3D104 /* MainViewCell.swift */ = {isa = PBXFileReference; lastKnownFileType = sourcecode.swift; path = MainViewCell.swift; sourceTree = "<group>"; };
		7F43025D2726D89400FA594F /* Weasley.app */ = {isa = PBXFileReference; explicitFileType = wrapper.application; includeInIndex = 0; path = Weasley.app; sourceTree = BUILT_PRODUCTS_DIR; };
		7F4302602726D89400FA594F /* AppDelegate.swift */ = {isa = PBXFileReference; lastKnownFileType = sourcecode.swift; path = AppDelegate.swift; sourceTree = "<group>"; };
		7F4302622726D89400FA594F /* SceneDelegate.swift */ = {isa = PBXFileReference; lastKnownFileType = sourcecode.swift; path = SceneDelegate.swift; sourceTree = "<group>"; };
		7F4302642726D89400FA594F /* MainViewController.swift */ = {isa = PBXFileReference; lastKnownFileType = sourcecode.swift; path = MainViewController.swift; sourceTree = "<group>"; };
		7F4302692726D89900FA594F /* Assets.xcassets */ = {isa = PBXFileReference; lastKnownFileType = folder.assetcatalog; path = Assets.xcassets; sourceTree = "<group>"; };
		7F43026C2726D89900FA594F /* Base */ = {isa = PBXFileReference; lastKnownFileType = file.storyboard; name = Base; path = Base.lproj/LaunchScreen.storyboard; sourceTree = "<group>"; };
		7F43026E2726D89900FA594F /* Info.plist */ = {isa = PBXFileReference; lastKnownFileType = text.plist.xml; path = Info.plist; sourceTree = "<group>"; };
		7F46B8DF27280C1E002B2E78 /* LoginViewController.swift */ = {isa = PBXFileReference; lastKnownFileType = sourcecode.swift; path = LoginViewController.swift; sourceTree = "<group>"; };
		7F7FCD18276C37D1005ADD27 /* SetGroupTableViewController.swift */ = {isa = PBXFileReference; lastKnownFileType = sourcecode.swift; path = SetGroupTableViewController.swift; sourceTree = "<group>"; };
		7F7FCD1A276C3BA7005ADD27 /* SettingTableViewCell.swift */ = {isa = PBXFileReference; lastKnownFileType = sourcecode.swift; path = SettingTableViewCell.swift; sourceTree = "<group>"; };
		7F7FCD1C276C3CD8005ADD27 /* ProfileViewController.swift */ = {isa = PBXFileReference; lastKnownFileType = sourcecode.swift; path = ProfileViewController.swift; sourceTree = "<group>"; };
		7F7FCD1E276C3D58005ADD27 /* NotificationsTableViewController.swift */ = {isa = PBXFileReference; lastKnownFileType = sourcecode.swift; path = NotificationsTableViewController.swift; sourceTree = "<group>"; };
		7F7FCD20276C41FB005ADD27 /* EditPlaceViewController.swift */ = {isa = PBXFileReference; lastKnownFileType = sourcecode.swift; name = EditPlaceViewController.swift; path = Weasley/SettingView/EditPlaceViewController.swift; sourceTree = SOURCE_ROOT; };
		7F7FCD23276D6AD1005ADD27 /* GroupListViewController.swift */ = {isa = PBXFileReference; lastKnownFileType = sourcecode.swift; path = GroupListViewController.swift; sourceTree = "<group>"; };
		7F7FCD25276D84B3005ADD27 /* lf30_editor_lqe82iao.json */ = {isa = PBXFileReference; fileEncoding = 4; lastKnownFileType = text.json; name = lf30_editor_lqe82iao.json; path = ../../../../../../../Downloads/Lottie/lf30_editor_lqe82iao.json; sourceTree = "<group>"; };
		7F7FCD30276DB5B4005ADD27 /* UIColor+Extension.swift */ = {isa = PBXFileReference; lastKnownFileType = sourcecode.swift; path = "UIColor+Extension.swift"; sourceTree = "<group>"; };
		7F7FCD32276DB849005ADD27 /* CAGradientLayer+Extension.swift */ = {isa = PBXFileReference; lastKnownFileType = sourcecode.swift; path = "CAGradientLayer+Extension.swift"; sourceTree = "<group>"; };
		7F7FCD37276EC2A0005ADD27 /* UIButton+Extension.swift */ = {isa = PBXFileReference; lastKnownFileType = sourcecode.swift; path = "UIButton+Extension.swift"; sourceTree = "<group>"; };
		7F7FCD3927717C3A005ADD27 /* LoginAPIService.swift */ = {isa = PBXFileReference; lastKnownFileType = sourcecode.swift; path = LoginAPIService.swift; sourceTree = "<group>"; };
		7F8A4FCD272FA8A900656E0A /* NeedleView.swift */ = {isa = PBXFileReference; lastKnownFileType = sourcecode.swift; path = NeedleView.swift; sourceTree = "<group>"; };
		7F8A4FCF272FB0F600656E0A /* UIView+Extension.swift */ = {isa = PBXFileReference; lastKnownFileType = sourcecode.swift; path = "UIView+Extension.swift"; sourceTree = "<group>"; };
		7F8A4FD12730C3F300656E0A /* User.swift */ = {isa = PBXFileReference; lastKnownFileType = sourcecode.swift; path = User.swift; sourceTree = "<group>"; };
		7F8A4FDA2730F02000656E0A /* Location.swift */ = {isa = PBXFileReference; lastKnownFileType = sourcecode.swift; path = Location.swift; sourceTree = "<group>"; };
		7F8A500D2734D5F700656E0A /* LocationLabel.swift */ = {isa = PBXFileReference; lastKnownFileType = sourcecode.swift; path = LocationLabel.swift; sourceTree = "<group>"; };
		7F8A500F2734D65D00656E0A /* DegreesToRadians.swift */ = {isa = PBXFileReference; lastKnownFileType = sourcecode.swift; path = DegreesToRadians.swift; sourceTree = "<group>"; };
		7F8FE96E27799547006F3723 /* Weasley.entitlements */ = {isa = PBXFileReference; lastKnownFileType = text.plist.entitlements; path = Weasley.entitlements; sourceTree = "<group>"; };
		7FA1C8A9272B83E800D2B4E0 /* APIManager.swift */ = {isa = PBXFileReference; lastKnownFileType = sourcecode.swift; path = APIManager.swift; sourceTree = "<group>"; };
		7FA1C8AB272CF46500D2B4E0 /* ClockView.swift */ = {isa = PBXFileReference; lastKnownFileType = sourcecode.swift; path = ClockView.swift; sourceTree = "<group>"; };
		7FC1ACAB27686B44007C7F0B /* SetGroupNameViewController.swift */ = {isa = PBXFileReference; lastKnownFileType = sourcecode.swift; path = SetGroupNameViewController.swift; sourceTree = "<group>"; };
		7FC1ACAD2769998D007C7F0B /* SetHomeViewController.swift */ = {isa = PBXFileReference; lastKnownFileType = sourcecode.swift; path = SetHomeViewController.swift; sourceTree = "<group>"; };
		7FC1ACAF2769AD53007C7F0B /* SetSchoolViewController.swift */ = {isa = PBXFileReference; lastKnownFileType = sourcecode.swift; path = SetSchoolViewController.swift; sourceTree = "<group>"; };
		7FC1ACB92769CC14007C7F0B /* MKPlacemark+Extension.swift */ = {isa = PBXFileReference; lastKnownFileType = sourcecode.swift; path = "MKPlacemark+Extension.swift"; sourceTree = "<group>"; };
		7FC1ACBB276A1632007C7F0B /* SearchedLocationTableViewController.swift */ = {isa = PBXFileReference; lastKnownFileType = sourcecode.swift; path = SearchedLocationTableViewController.swift; sourceTree = "<group>"; };
		7FC1ACBD276AD8C8007C7F0B /* SetLocationViewController.swift */ = {isa = PBXFileReference; lastKnownFileType = sourcecode.swift; path = SetLocationViewController.swift; sourceTree = "<group>"; };
		7FC1ACBF276AEDCC007C7F0B /* SetWorkViewController.swift */ = {isa = PBXFileReference; lastKnownFileType = sourcecode.swift; path = SetWorkViewController.swift; sourceTree = "<group>"; };
		7FE0D9CD273F9BE200512B07 /* GoogleService-Info.plist */ = {isa = PBXFileReference; fileEncoding = 4; lastKnownFileType = text.plist.xml; name = "GoogleService-Info.plist"; path = "../../../../../../Downloads/GoogleServie_Plist/GoogleService-Info.plist"; sourceTree = "<group>"; };
		7FE87A10273B90C600301A94 /* Login.swift */ = {isa = PBXFileReference; lastKnownFileType = sourcecode.swift; path = Login.swift; sourceTree = "<group>"; };
		7FE9F32227755913003560BD /* SampleModel.swift */ = {isa = PBXFileReference; lastKnownFileType = sourcecode.swift; path = SampleModel.swift; sourceTree = "<group>"; };
		7FE9F32627756649003560BD /* UsersGroups.swift */ = {isa = PBXFileReference; lastKnownFileType = sourcecode.swift; path = UsersGroups.swift; sourceTree = "<group>"; };
		7FE9F32827759F85003560BD /* CurrentGroup.swift */ = {isa = PBXFileReference; lastKnownFileType = sourcecode.swift; path = CurrentGroup.swift; sourceTree = "<group>"; };
		7FE9F32A2775B3F2003560BD /* LocationAPIService.swift */ = {isa = PBXFileReference; lastKnownFileType = sourcecode.swift; path = LocationAPIService.swift; sourceTree = "<group>"; };
		7FF5C8CB275F42FD00DE24DE /* SettingTableViewController.swift */ = {isa = PBXFileReference; lastKnownFileType = sourcecode.swift; path = SettingTableViewController.swift; sourceTree = "<group>"; };
		A9873566C8D513FA6A965F78 /* Pods_Weasley.framework */ = {isa = PBXFileReference; explicitFileType = wrapper.framework; includeInIndex = 0; path = Pods_Weasley.framework; sourceTree = BUILT_PRODUCTS_DIR; };
/* End PBXFileReference section */

/* Begin PBXFrameworksBuildPhase section */
		7F43025A2726D89400FA594F /* Frameworks */ = {
			isa = PBXFrameworksBuildPhase;
			buildActionMask = 2147483647;
			files = (
				7D99C284FC90961B3821D0C0 /* Pods_Weasley.framework in Frameworks */,
				7F7FCD36276EB3A3005ADD27 /* Hero in Frameworks */,
				7FC1ACC5276B0108007C7F0B /* Lottie in Frameworks */,
			);
			runOnlyForDeploymentPostprocessing = 0;
		};
/* End PBXFrameworksBuildPhase section */

/* Begin PBXGroup section */
		2F0C45785DD55915B116D344 /* Frameworks */ = {
			isa = PBXGroup;
			children = (
				A9873566C8D513FA6A965F78 /* Pods_Weasley.framework */,
			);
			name = Frameworks;
			sourceTree = "<group>";
		};
		56FC77E4152E6DBC16FFB373 /* Pods */ = {
			isa = PBXGroup;
			children = (
				61E91CCD83AB5938431ABBC1 /* Pods-Weasley.debug.xcconfig */,
				31A6EE2BD28567E020F854D6 /* Pods-Weasley.release.xcconfig */,
			);
			path = Pods;
			sourceTree = "<group>";
		};
		7F4302542726D89400FA594F = {
			isa = PBXGroup;
			children = (
				7F43025F2726D89400FA594F /* Weasley */,
				7F43025E2726D89400FA594F /* Products */,
				56FC77E4152E6DBC16FFB373 /* Pods */,
				2F0C45785DD55915B116D344 /* Frameworks */,
			);
			sourceTree = "<group>";
		};
		7F43025E2726D89400FA594F /* Products */ = {
			isa = PBXGroup;
			children = (
				7F43025D2726D89400FA594F /* Weasley.app */,
			);
			name = Products;
			sourceTree = "<group>";
		};
		7F43025F2726D89400FA594F /* Weasley */ = {
			isa = PBXGroup;
			children = (
				7F8FE96E27799547006F3723 /* Weasley.entitlements */,
				7F8A4FD62730D69200656E0A /* Util */,
				7FE87A12273B91B700301A94 /* Model */,
				7FE87A13273B91CA00301A94 /* ViewModel */,
				7F8A4FD52730D60F00656E0A /* LoginView */,
				7FC1ACAA27686422007C7F0B /* InitialView */,
				7F8A4FD72730D6D700656E0A /* MainView */,
				7FF5C8C8275F417700DE24DE /* SettingView */,
				7F4302622726D89400FA594F /* SceneDelegate.swift */,
				7F4302602726D89400FA594F /* AppDelegate.swift */,
				7F4302692726D89900FA594F /* Assets.xcassets */,
				7F43026B2726D89900FA594F /* LaunchScreen.storyboard */,
				7F43026E2726D89900FA594F /* Info.plist */,
				7FE0D9CD273F9BE200512B07 /* GoogleService-Info.plist */,
			);
			path = Weasley;
			sourceTree = "<group>";
		};
		7F7FCD16276B2704005ADD27 /* SetLocationView */ = {
			isa = PBXGroup;
			children = (
				7FC1ACBD276AD8C8007C7F0B /* SetLocationViewController.swift */,
				7FC1ACBB276A1632007C7F0B /* SearchedLocationTableViewController.swift */,
				7FC1ACAD2769998D007C7F0B /* SetHomeViewController.swift */,
				7FC1ACAF2769AD53007C7F0B /* SetSchoolViewController.swift */,
				7FC1ACBF276AEDCC007C7F0B /* SetWorkViewController.swift */,
			);
			path = SetLocationView;
			sourceTree = "<group>";
		};
		7F8A4FD52730D60F00656E0A /* LoginView */ = {
			isa = PBXGroup;
			children = (
				7F46B8DF27280C1E002B2E78 /* LoginViewController.swift */,
			);
			path = LoginView;
			sourceTree = "<group>";
		};
		7F8A4FD62730D69200656E0A /* Util */ = {
			isa = PBXGroup;
			children = (
				7F2865502771A4F400DAF9D2 /* AWSUrl.swift */,
				7FA1C8A9272B83E800D2B4E0 /* APIManager.swift */,
				7F7FCD3927717C3A005ADD27 /* LoginAPIService.swift */,
				7FE9F32A2775B3F2003560BD /* LocationAPIService.swift */,
				7F2865562771B27800DAF9D2 /* GroupAPIService.swift */,
				7F8A500F2734D65D00656E0A /* DegreesToRadians.swift */,
				7F7FCD30276DB5B4005ADD27 /* UIColor+Extension.swift */,
				7F8A4FCF272FB0F600656E0A /* UIView+Extension.swift */,
				7F7FCD37276EC2A0005ADD27 /* UIButton+Extension.swift */,
				7FC1ACB92769CC14007C7F0B /* MKPlacemark+Extension.swift */,
				7F7FCD32276DB849005ADD27 /* CAGradientLayer+Extension.swift */,
			);
			path = Util;
			sourceTree = "<group>";
		};
		7F8A4FD72730D6D700656E0A /* MainView */ = {
			isa = PBXGroup;
			children = (
				7FA1C8AB272CF46500D2B4E0 /* ClockView.swift */,
				7F8A4FCD272FA8A900656E0A /* NeedleView.swift */,
				7F8A500D2734D5F700656E0A /* LocationLabel.swift */,
				7F4302642726D89400FA594F /* MainViewController.swift */,
				7F3A480C2758C06200B3D104 /* MainViewCell.swift */,
			);
			path = MainView;
			sourceTree = "<group>";
		};
		7FC1ACAA27686422007C7F0B /* InitialView */ = {
			isa = PBXGroup;
			children = (
				7F7FCD23276D6AD1005ADD27 /* GroupListViewController.swift */,
				7FC1ACAB27686B44007C7F0B /* SetGroupNameViewController.swift */,
				7F7FCD16276B2704005ADD27 /* SetLocationView */,
				7F7FCD25276D84B3005ADD27 /* lf30_editor_lqe82iao.json */,
			);
			path = InitialView;
			sourceTree = "<group>";
		};
		7FE87A12273B91B700301A94 /* Model */ = {
			isa = PBXGroup;
			children = (
				7F8A4FD12730C3F300656E0A /* User.swift */,
				7F28654E2771989800DAF9D2 /* Group.swift */,
				7F28655A2771C2ED00DAF9D2 /* Place.swift */,
				7F8A4FDA2730F02000656E0A /* Location.swift */,
				7FE9F32227755913003560BD /* SampleModel.swift */,
			);
			path = Model;
			sourceTree = "<group>";
		};
		7FE87A13273B91CA00301A94 /* ViewModel */ = {
			isa = PBXGroup;
			children = (
				7FE87A10273B90C600301A94 /* Login.swift */,
				7FE9F32627756649003560BD /* UsersGroups.swift */,
				7F2865582771BD2A00DAF9D2 /* GroupAddition.swift */,
				7FE9F32827759F85003560BD /* CurrentGroup.swift */,
			);
			path = ViewModel;
			sourceTree = "<group>";
		};
		7FF5C8C8275F417700DE24DE /* SettingView */ = {
			isa = PBXGroup;
			children = (
				7F7FCD20276C41FB005ADD27 /* EditPlaceViewController.swift */,
				7F7FCD1A276C3BA7005ADD27 /* SettingTableViewCell.swift */,
				7FF5C8CB275F42FD00DE24DE /* SettingTableViewController.swift */,
				7F7FCD18276C37D1005ADD27 /* SetGroupTableViewController.swift */,
				7F7FCD1C276C3CD8005ADD27 /* ProfileViewController.swift */,
				7F7FCD1E276C3D58005ADD27 /* NotificationsTableViewController.swift */,
			);
			path = SettingView;
			sourceTree = "<group>";
		};
/* End PBXGroup section */

/* Begin PBXNativeTarget section */
		7F43025C2726D89400FA594F /* Weasley */ = {
			isa = PBXNativeTarget;
			buildConfigurationList = 7F4302712726D89900FA594F /* Build configuration list for PBXNativeTarget "Weasley" */;
			buildPhases = (
				76C12DB2FB862421AACF4DA3 /* [CP] Check Pods Manifest.lock */,
				7F4302592726D89400FA594F /* Sources */,
				7F43025A2726D89400FA594F /* Frameworks */,
				7F43025B2726D89400FA594F /* Resources */,
				E13084B82F86B5A045188503 /* [CP] Embed Pods Frameworks */,
			);
			buildRules = (
			);
			dependencies = (
			);
			name = Weasley;
			packageProductDependencies = (
				7FC1ACC4276B0108007C7F0B /* Lottie */,
				7F7FCD35276EB3A3005ADD27 /* Hero */,
			);
			productName = Weasley;
			productReference = 7F43025D2726D89400FA594F /* Weasley.app */;
			productType = "com.apple.product-type.application";
		};
/* End PBXNativeTarget section */

/* Begin PBXProject section */
		7F4302552726D89400FA594F /* Project object */ = {
			isa = PBXProject;
			attributes = {
				LastSwiftUpdateCheck = 1250;
				LastUpgradeCheck = 1250;
				TargetAttributes = {
					7F43025C2726D89400FA594F = {
						CreatedOnToolsVersion = 12.5.1;
					};
				};
			};
			buildConfigurationList = 7F4302582726D89400FA594F /* Build configuration list for PBXProject "Weasley" */;
			compatibilityVersion = "Xcode 9.3";
			developmentRegion = en;
			hasScannedForEncodings = 0;
			knownRegions = (
				en,
				Base,
			);
			mainGroup = 7F4302542726D89400FA594F;
			packageReferences = (
				7FC1ACC3276B0108007C7F0B /* XCRemoteSwiftPackageReference "lottie-ios" */,
				7F7FCD34276EB3A3005ADD27 /* XCRemoteSwiftPackageReference "Hero" */,
			);
			productRefGroup = 7F43025E2726D89400FA594F /* Products */;
			projectDirPath = "";
			projectRoot = "";
			targets = (
				7F43025C2726D89400FA594F /* Weasley */,
			);
		};
/* End PBXProject section */

/* Begin PBXResourcesBuildPhase section */
		7F43025B2726D89400FA594F /* Resources */ = {
			isa = PBXResourcesBuildPhase;
			buildActionMask = 2147483647;
			files = (
				7F7FCD26276D84B3005ADD27 /* lf30_editor_lqe82iao.json in Resources */,
				7F43026D2726D89900FA594F /* LaunchScreen.storyboard in Resources */,
				7FE0D9CE273F9BE200512B07 /* GoogleService-Info.plist in Resources */,
				7F43026A2726D89900FA594F /* Assets.xcassets in Resources */,
			);
			runOnlyForDeploymentPostprocessing = 0;
		};
/* End PBXResourcesBuildPhase section */

/* Begin PBXShellScriptBuildPhase section */
		76C12DB2FB862421AACF4DA3 /* [CP] Check Pods Manifest.lock */ = {
			isa = PBXShellScriptBuildPhase;
			buildActionMask = 2147483647;
			files = (
			);
			inputFileListPaths = (
			);
			inputPaths = (
				"${PODS_PODFILE_DIR_PATH}/Podfile.lock",
				"${PODS_ROOT}/Manifest.lock",
			);
			name = "[CP] Check Pods Manifest.lock";
			outputFileListPaths = (
			);
			outputPaths = (
				"$(DERIVED_FILE_DIR)/Pods-Weasley-checkManifestLockResult.txt",
			);
			runOnlyForDeploymentPostprocessing = 0;
			shellPath = /bin/sh;
			shellScript = "diff \"${PODS_PODFILE_DIR_PATH}/Podfile.lock\" \"${PODS_ROOT}/Manifest.lock\" > /dev/null\nif [ $? != 0 ] ; then\n    # print error to STDERR\n    echo \"error: The sandbox is not in sync with the Podfile.lock. Run 'pod install' or update your CocoaPods installation.\" >&2\n    exit 1\nfi\n# This output is used by Xcode 'outputs' to avoid re-running this script phase.\necho \"SUCCESS\" > \"${SCRIPT_OUTPUT_FILE_0}\"\n";
			showEnvVarsInLog = 0;
		};
		E13084B82F86B5A045188503 /* [CP] Embed Pods Frameworks */ = {
			isa = PBXShellScriptBuildPhase;
			buildActionMask = 2147483647;
			files = (
			);
			inputFileListPaths = (
				"${PODS_ROOT}/Target Support Files/Pods-Weasley/Pods-Weasley-frameworks-${CONFIGURATION}-input-files.xcfilelist",
			);
			name = "[CP] Embed Pods Frameworks";
			outputFileListPaths = (
				"${PODS_ROOT}/Target Support Files/Pods-Weasley/Pods-Weasley-frameworks-${CONFIGURATION}-output-files.xcfilelist",
			);
			runOnlyForDeploymentPostprocessing = 0;
			shellPath = /bin/sh;
			shellScript = "\"${PODS_ROOT}/Target Support Files/Pods-Weasley/Pods-Weasley-frameworks.sh\"\n";
			showEnvVarsInLog = 0;
		};
/* End PBXShellScriptBuildPhase section */

/* Begin PBXSourcesBuildPhase section */
		7F4302592726D89400FA594F /* Sources */ = {
			isa = PBXSourcesBuildPhase;
			buildActionMask = 2147483647;
			files = (
				7F8A50102734D65D00656E0A /* DegreesToRadians.swift in Sources */,
				7F7FCD1F276C3D58005ADD27 /* NotificationsTableViewController.swift in Sources */,
				7FC1ACB02769AD53007C7F0B /* SetSchoolViewController.swift in Sources */,
				7F3A480D2758C06300B3D104 /* MainViewCell.swift in Sources */,
				7F7FCD38276EC2A0005ADD27 /* UIButton+Extension.swift in Sources */,
				7F7FCD33276DB849005ADD27 /* CAGradientLayer+Extension.swift in Sources */,
				7F2865572771B27800DAF9D2 /* GroupAPIService.swift in Sources */,
				7F7FCD24276D6AD1005ADD27 /* GroupListViewController.swift in Sources */,
				7F7FCD21276C41FB005ADD27 /* EditPlaceViewController.swift in Sources */,
				7F4302652726D89400FA594F /* MainViewController.swift in Sources */,
				7F7FCD1B276C3BA7005ADD27 /* SettingTableViewCell.swift in Sources */,
				7F8A4FDB2730F02000656E0A /* Location.swift in Sources */,
				7FA1C8AC272CF46500D2B4E0 /* ClockView.swift in Sources */,
				7FE9F32927759F85003560BD /* CurrentGroup.swift in Sources */,
				7FC1ACBA2769CC14007C7F0B /* MKPlacemark+Extension.swift in Sources */,
				7F8A500E2734D5F700656E0A /* LocationLabel.swift in Sources */,
				7FE9F32727756649003560BD /* UsersGroups.swift in Sources */,
				7F7FCD31276DB5B4005ADD27 /* UIColor+Extension.swift in Sources */,
				7FE87A11273B90C600301A94 /* Login.swift in Sources */,
				7F7FCD1D276C3CD8005ADD27 /* ProfileViewController.swift in Sources */,
				7F2865592771BD2A00DAF9D2 /* GroupAddition.swift in Sources */,
				7F46B8E027280C1E002B2E78 /* LoginViewController.swift in Sources */,
				7FF5C8CC275F42FD00DE24DE /* SettingTableViewController.swift in Sources */,
				7F7FCD19276C37D1005ADD27 /* SetGroupTableViewController.swift in Sources */,
				7FA1C8AA272B83E800D2B4E0 /* APIManager.swift in Sources */,
				7FE9F32327755913003560BD /* SampleModel.swift in Sources */,
				7F8A4FD0272FB0F600656E0A /* UIView+Extension.swift in Sources */,
				7FC1ACBE276AD8C8007C7F0B /* SetLocationViewController.swift in Sources */,
				7F8A4FD22730C3F300656E0A /* User.swift in Sources */,
				7F28655B2771C2ED00DAF9D2 /* Place.swift in Sources */,
				7F2865512771A4F400DAF9D2 /* AWSUrl.swift in Sources */,
				7F7FCD3A27717C3B005ADD27 /* LoginAPIService.swift in Sources */,
				7FC1ACAC27686B44007C7F0B /* SetGroupNameViewController.swift in Sources */,
				7F28654F2771989800DAF9D2 /* Group.swift in Sources */,
				7F4302612726D89400FA594F /* AppDelegate.swift in Sources */,
				7F4302632726D89400FA594F /* SceneDelegate.swift in Sources */,
				7FC1ACAE2769998D007C7F0B /* SetHomeViewController.swift in Sources */,
				7FE9F32B2775B3F2003560BD /* LocationAPIService.swift in Sources */,
				7FC1ACBC276A1632007C7F0B /* SearchedLocationTableViewController.swift in Sources */,
				7F8A4FCE272FA8A900656E0A /* NeedleView.swift in Sources */,
				7FC1ACC0276AEDCC007C7F0B /* SetWorkViewController.swift in Sources */,
			);
			runOnlyForDeploymentPostprocessing = 0;
		};
/* End PBXSourcesBuildPhase section */

/* Begin PBXVariantGroup section */
		7F43026B2726D89900FA594F /* LaunchScreen.storyboard */ = {
			isa = PBXVariantGroup;
			children = (
				7F43026C2726D89900FA594F /* Base */,
			);
			name = LaunchScreen.storyboard;
			sourceTree = "<group>";
		};
/* End PBXVariantGroup section */

/* Begin XCBuildConfiguration section */
		7F43026F2726D89900FA594F /* Debug */ = {
			isa = XCBuildConfiguration;
			buildSettings = {
				ALWAYS_SEARCH_USER_PATHS = NO;
				CLANG_ANALYZER_NONNULL = YES;
				CLANG_ANALYZER_NUMBER_OBJECT_CONVERSION = YES_AGGRESSIVE;
				CLANG_CXX_LANGUAGE_STANDARD = "gnu++14";
				CLANG_CXX_LIBRARY = "libc++";
				CLANG_ENABLE_MODULES = YES;
				CLANG_ENABLE_OBJC_ARC = YES;
				CLANG_ENABLE_OBJC_WEAK = YES;
				CLANG_WARN_BLOCK_CAPTURE_AUTORELEASING = YES;
				CLANG_WARN_BOOL_CONVERSION = YES;
				CLANG_WARN_COMMA = YES;
				CLANG_WARN_CONSTANT_CONVERSION = YES;
				CLANG_WARN_DEPRECATED_OBJC_IMPLEMENTATIONS = YES;
				CLANG_WARN_DIRECT_OBJC_ISA_USAGE = YES_ERROR;
				CLANG_WARN_DOCUMENTATION_COMMENTS = YES;
				CLANG_WARN_EMPTY_BODY = YES;
				CLANG_WARN_ENUM_CONVERSION = YES;
				CLANG_WARN_INFINITE_RECURSION = YES;
				CLANG_WARN_INT_CONVERSION = YES;
				CLANG_WARN_NON_LITERAL_NULL_CONVERSION = YES;
				CLANG_WARN_OBJC_IMPLICIT_RETAIN_SELF = YES;
				CLANG_WARN_OBJC_LITERAL_CONVERSION = YES;
				CLANG_WARN_OBJC_ROOT_CLASS = YES_ERROR;
				CLANG_WARN_QUOTED_INCLUDE_IN_FRAMEWORK_HEADER = YES;
				CLANG_WARN_RANGE_LOOP_ANALYSIS = YES;
				CLANG_WARN_STRICT_PROTOTYPES = YES;
				CLANG_WARN_SUSPICIOUS_MOVE = YES;
				CLANG_WARN_UNGUARDED_AVAILABILITY = YES_AGGRESSIVE;
				CLANG_WARN_UNREACHABLE_CODE = YES;
				CLANG_WARN__DUPLICATE_METHOD_MATCH = YES;
				COPY_PHASE_STRIP = NO;
				DEBUG_INFORMATION_FORMAT = dwarf;
				ENABLE_STRICT_OBJC_MSGSEND = YES;
				ENABLE_TESTABILITY = YES;
				GCC_C_LANGUAGE_STANDARD = gnu11;
				GCC_DYNAMIC_NO_PIC = NO;
				GCC_NO_COMMON_BLOCKS = YES;
				GCC_OPTIMIZATION_LEVEL = 0;
				GCC_PREPROCESSOR_DEFINITIONS = (
					"DEBUG=1",
					"$(inherited)",
				);
				GCC_WARN_64_TO_32_BIT_CONVERSION = YES;
				GCC_WARN_ABOUT_RETURN_TYPE = YES_ERROR;
				GCC_WARN_UNDECLARED_SELECTOR = YES;
				GCC_WARN_UNINITIALIZED_AUTOS = YES_AGGRESSIVE;
				GCC_WARN_UNUSED_FUNCTION = YES;
				GCC_WARN_UNUSED_VARIABLE = YES;
				IPHONEOS_DEPLOYMENT_TARGET = 13.0;
				MTL_ENABLE_DEBUG_INFO = INCLUDE_SOURCE;
				MTL_FAST_MATH = YES;
				ONLY_ACTIVE_ARCH = YES;
				SDKROOT = iphoneos;
				SWIFT_ACTIVE_COMPILATION_CONDITIONS = DEBUG;
				SWIFT_OPTIMIZATION_LEVEL = "-Onone";
			};
			name = Debug;
		};
		7F4302702726D89900FA594F /* Release */ = {
			isa = XCBuildConfiguration;
			buildSettings = {
				ALWAYS_SEARCH_USER_PATHS = NO;
				CLANG_ANALYZER_NONNULL = YES;
				CLANG_ANALYZER_NUMBER_OBJECT_CONVERSION = YES_AGGRESSIVE;
				CLANG_CXX_LANGUAGE_STANDARD = "gnu++14";
				CLANG_CXX_LIBRARY = "libc++";
				CLANG_ENABLE_MODULES = YES;
				CLANG_ENABLE_OBJC_ARC = YES;
				CLANG_ENABLE_OBJC_WEAK = YES;
				CLANG_WARN_BLOCK_CAPTURE_AUTORELEASING = YES;
				CLANG_WARN_BOOL_CONVERSION = YES;
				CLANG_WARN_COMMA = YES;
				CLANG_WARN_CONSTANT_CONVERSION = YES;
				CLANG_WARN_DEPRECATED_OBJC_IMPLEMENTATIONS = YES;
				CLANG_WARN_DIRECT_OBJC_ISA_USAGE = YES_ERROR;
				CLANG_WARN_DOCUMENTATION_COMMENTS = YES;
				CLANG_WARN_EMPTY_BODY = YES;
				CLANG_WARN_ENUM_CONVERSION = YES;
				CLANG_WARN_INFINITE_RECURSION = YES;
				CLANG_WARN_INT_CONVERSION = YES;
				CLANG_WARN_NON_LITERAL_NULL_CONVERSION = YES;
				CLANG_WARN_OBJC_IMPLICIT_RETAIN_SELF = YES;
				CLANG_WARN_OBJC_LITERAL_CONVERSION = YES;
				CLANG_WARN_OBJC_ROOT_CLASS = YES_ERROR;
				CLANG_WARN_QUOTED_INCLUDE_IN_FRAMEWORK_HEADER = YES;
				CLANG_WARN_RANGE_LOOP_ANALYSIS = YES;
				CLANG_WARN_STRICT_PROTOTYPES = YES;
				CLANG_WARN_SUSPICIOUS_MOVE = YES;
				CLANG_WARN_UNGUARDED_AVAILABILITY = YES_AGGRESSIVE;
				CLANG_WARN_UNREACHABLE_CODE = YES;
				CLANG_WARN__DUPLICATE_METHOD_MATCH = YES;
				COPY_PHASE_STRIP = NO;
				DEBUG_INFORMATION_FORMAT = "dwarf-with-dsym";
				ENABLE_NS_ASSERTIONS = NO;
				ENABLE_STRICT_OBJC_MSGSEND = YES;
				GCC_C_LANGUAGE_STANDARD = gnu11;
				GCC_NO_COMMON_BLOCKS = YES;
				GCC_WARN_64_TO_32_BIT_CONVERSION = YES;
				GCC_WARN_ABOUT_RETURN_TYPE = YES_ERROR;
				GCC_WARN_UNDECLARED_SELECTOR = YES;
				GCC_WARN_UNINITIALIZED_AUTOS = YES_AGGRESSIVE;
				GCC_WARN_UNUSED_FUNCTION = YES;
				GCC_WARN_UNUSED_VARIABLE = YES;
				IPHONEOS_DEPLOYMENT_TARGET = 13.0;
				MTL_ENABLE_DEBUG_INFO = NO;
				MTL_FAST_MATH = YES;
				SDKROOT = iphoneos;
				SWIFT_COMPILATION_MODE = wholemodule;
				SWIFT_OPTIMIZATION_LEVEL = "-O";
				VALIDATE_PRODUCT = YES;
			};
			name = Release;
		};
		7F4302722726D89900FA594F /* Debug */ = {
			isa = XCBuildConfiguration;
			baseConfigurationReference = 61E91CCD83AB5938431ABBC1 /* Pods-Weasley.debug.xcconfig */;
			buildSettings = {
				ASSETCATALOG_COMPILER_APPICON_NAME = AppIcon;
				ASSETCATALOG_COMPILER_GLOBAL_ACCENT_COLOR_NAME = AccentColor;
				CODE_SIGN_ENTITLEMENTS = Weasley/Weasley.entitlements;
				CODE_SIGN_STYLE = Automatic;
				DEVELOPMENT_TEAM = 3XVAQ6DRC4;
				INFOPLIST_FILE = Weasley/Info.plist;
				LD_RUNPATH_SEARCH_PATHS = (
					"$(inherited)",
					"@executable_path/Frameworks",
				);
				PRODUCT_BUNDLE_IDENTIFIER = com.ido.Weasley;
				PRODUCT_NAME = "$(TARGET_NAME)";
				SWIFT_VERSION = 5.0;
				TARGETED_DEVICE_FAMILY = "1,2";
			};
			name = Debug;
		};
		7F4302732726D89900FA594F /* Release */ = {
			isa = XCBuildConfiguration;
			baseConfigurationReference = 31A6EE2BD28567E020F854D6 /* Pods-Weasley.release.xcconfig */;
			buildSettings = {
				ASSETCATALOG_COMPILER_APPICON_NAME = AppIcon;
				ASSETCATALOG_COMPILER_GLOBAL_ACCENT_COLOR_NAME = AccentColor;
				CODE_SIGN_ENTITLEMENTS = Weasley/Weasley.entitlements;
				CODE_SIGN_STYLE = Automatic;
				DEVELOPMENT_TEAM = 3XVAQ6DRC4;
				INFOPLIST_FILE = Weasley/Info.plist;
				LD_RUNPATH_SEARCH_PATHS = (
					"$(inherited)",
					"@executable_path/Frameworks",
				);
				PRODUCT_BUNDLE_IDENTIFIER = com.ido.Weasley;
				PRODUCT_NAME = "$(TARGET_NAME)";
				SWIFT_VERSION = 5.0;
				TARGETED_DEVICE_FAMILY = "1,2";
			};
			name = Release;
		};
/* End XCBuildConfiguration section */

/* Begin XCConfigurationList section */
		7F4302582726D89400FA594F /* Build configuration list for PBXProject "Weasley" */ = {
			isa = XCConfigurationList;
			buildConfigurations = (
				7F43026F2726D89900FA594F /* Debug */,
				7F4302702726D89900FA594F /* Release */,
			);
			defaultConfigurationIsVisible = 0;
			defaultConfigurationName = Release;
		};
		7F4302712726D89900FA594F /* Build configuration list for PBXNativeTarget "Weasley" */ = {
			isa = XCConfigurationList;
			buildConfigurations = (
				7F4302722726D89900FA594F /* Debug */,
				7F4302732726D89900FA594F /* Release */,
			);
			defaultConfigurationIsVisible = 0;
			defaultConfigurationName = Release;
		};
/* End XCConfigurationList section */

/* Begin XCRemoteSwiftPackageReference section */
		7F7FCD34276EB3A3005ADD27 /* XCRemoteSwiftPackageReference "Hero" */ = {
			isa = XCRemoteSwiftPackageReference;
			repositoryURL = "https://github.com/HeroTransitions/Hero";
			requirement = {
				kind = versionRange;
				maximumVersion = 1.5.0;
				minimumVersion = 1.0.0;
			};
		};
		7FC1ACC3276B0108007C7F0B /* XCRemoteSwiftPackageReference "lottie-ios" */ = {
			isa = XCRemoteSwiftPackageReference;
			repositoryURL = "https://github.com/airbnb/lottie-ios";
			requirement = {
				kind = upToNextMajorVersion;
				minimumVersion = 3.0.0;
			};
		};
/* End XCRemoteSwiftPackageReference section */

/* Begin XCSwiftPackageProductDependency section */
		7F7FCD35276EB3A3005ADD27 /* Hero */ = {
			isa = XCSwiftPackageProductDependency;
			package = 7F7FCD34276EB3A3005ADD27 /* XCRemoteSwiftPackageReference "Hero" */;
			productName = Hero;
		};
		7FC1ACC4276B0108007C7F0B /* Lottie */ = {
			isa = XCSwiftPackageProductDependency;
			package = 7FC1ACC3276B0108007C7F0B /* XCRemoteSwiftPackageReference "lottie-ios" */;
			productName = Lottie;
		};
/* End XCSwiftPackageProductDependency section */
	};
	rootObject = 7F4302552726D89400FA594F /* Project object */;
}
